
Microsoft Visual Studio Solution File, Format Version 12.00
# Visual Studio Version 17
VisualStudioVersion = 17.10.35013.160
MinimumVisualStudioVersion = 10.0.40219.1
Project("{FAE04EC0-301F-11D3-BF4B-00C04F79EFBC}") = "MagicVilla_API", "MagicVilla_API\MagicVilla_API.csproj", "{88A4639F-7C9E-44A5-A767-D22CD59D64A7}"
EndProject
Global
	GlobalSection(SolutionConfigurationPlatforms) = preSolution
		Debug|Any CPU = Debug|Any CPU
		Release|Any CPU = Release|Any CPU
	EndGlobalSection
	GlobalSection(ProjectConfigurationPlatforms) = postSolution
		{88A4639F-7C9E-44A5-A767-D22CD59D64A7}.Debug|Any CPU.ActiveCfg = Debug|Any CPU
		{88A4639F-7C9E-44A5-A767-D22CD59D64A7}.Debug|Any CPU.Build.0 = Debug|Any CPU
		{88A4639F-7C9E-44A5-A767-D22CD59D64A7}.Release|Any CPU.ActiveCfg = Release|Any CPU
		{88A4639F-7C9E-44A5-A767-D22CD59D64A7}.Release|Any CPU.Build.0 = Release|Any CPU
	EndGlobalSection
	GlobalSection(SolutionProperties) = preSolution
		HideSolutionNode = FALSE
	EndGlobalSection
	GlobalSection(ExtensibilityGlobals) = postSolution
		SolutionGuid = {450721DE-9129-4440-BCCA-307AB1DAA35F}
	EndGlobalSection
EndGlobal
